
Microsoft Visual Studio Solution File, Format Version 12.00
# Visual Studio Version 17
VisualStudioVersion = 17.13.35806.99
MinimumVisualStudioVersion = 10.0.40219.1
Project("{2150E333-8FDC-42A3-9474-1A3956D46DE8}") = "Src", "Src", "{02EA681E-C7D8-13C7-8484-4AC65E1B71E8}"
EndProject
Project("{2150E333-8FDC-42A3-9474-1A3956D46DE8}") = "Tests", "Tests", "{AEFC1CB9-2C66-4148-BD7A-4FFC385F803C}"
EndProject
Project("{2150E333-8FDC-42A3-9474-1A3956D46DE8}") = "Backend", "Backend", "{83B0AFD4-4004-4316-828A-44392E8AAE2B}"
EndProject
Project("{2150E333-8FDC-42A3-9474-1A3956D46DE8}") = "Shared", "Shared", "{D341DA82-B58E-42EA-B678-35BAD7572D8E}"
EndProject
Project("{FAE04EC0-301F-11D3-BF4B-00C04F79EFBC}") = "WebAPI.API", "Src\Backend\WebAPI.API\WebAPI.API.csproj", "{5C0494BA-BC02-9F03-116E-59A3694D7EF8}"
EndProject
Project("{FAE04EC0-301F-11D3-BF4B-00C04F79EFBC}") = "WebAPI.Application", "Src\Backend\WebAPI.Application\WebAPI.Application.csproj", "{0FC38BF9-E4FC-F94B-8A79-99C725ED7321}"
EndProject
Project("{FAE04EC0-301F-11D3-BF4B-00C04F79EFBC}") = "WebAPI.Domain", "Src\Backend\WebAPI.Domain\WebAPI.Domain.csproj", "{E51652A9-6B39-04F6-ABFA-AB803D9A0041}"
EndProject
Project("{FAE04EC0-301F-11D3-BF4B-00C04F79EFBC}") = "WebAPI.Infrastructure", "Src\Backend\WebAPI.Infrastructure\WebAPI.Infrastructure.csproj", "{17B45F1B-A256-D737-6F55-EDBB105C7C39}"
EndProject
Project("{FAE04EC0-301F-11D3-BF4B-00C04F79EFBC}") = "WebAPI.Communication", "Src\Shared\WebAPI.Communication\WebAPI.Communication.csproj", "{DD474E38-831E-F5AC-1D76-B31B01DD9392}"
EndProject
Project("{FAE04EC0-301F-11D3-BF4B-00C04F79EFBC}") = "WebAPI.Exceptions", "Src\Shared\WebAPI.Exceptions\WebAPI.Exceptions.csproj", "{54D6BBFF-8270-9950-4BA0-73EF867149DE}"
EndProject
Global
	GlobalSection(SolutionConfigurationPlatforms) = preSolution
		Debug|Any CPU = Debug|Any CPU
		Release|Any CPU = Release|Any CPU
	EndGlobalSection
	GlobalSection(ProjectConfigurationPlatforms) = postSolution
		{5C0494BA-BC02-9F03-116E-59A3694D7EF8}.Debug|Any CPU.ActiveCfg = Debug|Any CPU
		{5C0494BA-BC02-9F03-116E-59A3694D7EF8}.Debug|Any CPU.Build.0 = Debug|Any CPU
		{5C0494BA-BC02-9F03-116E-59A3694D7EF8}.Release|Any CPU.ActiveCfg = Release|Any CPU
		{5C0494BA-BC02-9F03-116E-59A3694D7EF8}.Release|Any CPU.Build.0 = Release|Any CPU
		{0FC38BF9-E4FC-F94B-8A79-99C725ED7321}.Debug|Any CPU.ActiveCfg = Debug|Any CPU
		{0FC38BF9-E4FC-F94B-8A79-99C725ED7321}.Debug|Any CPU.Build.0 = Debug|Any CPU
		{0FC38BF9-E4FC-F94B-8A79-99C725ED7321}.Release|Any CPU.ActiveCfg = Release|Any CPU
		{0FC38BF9-E4FC-F94B-8A79-99C725ED7321}.Release|Any CPU.Build.0 = Release|Any CPU
		{E51652A9-6B39-04F6-ABFA-AB803D9A0041}.Debug|Any CPU.ActiveCfg = Debug|Any CPU
		{E51652A9-6B39-04F6-ABFA-AB803D9A0041}.Debug|Any CPU.Build.0 = Debug|Any CPU
		{E51652A9-6B39-04F6-ABFA-AB803D9A0041}.Release|Any CPU.ActiveCfg = Release|Any CPU
		{E51652A9-6B39-04F6-ABFA-AB803D9A0041}.Release|Any CPU.Build.0 = Release|Any CPU
		{17B45F1B-A256-D737-6F55-EDBB105C7C39}.Debug|Any CPU.ActiveCfg = Debug|Any CPU
		{17B45F1B-A256-D737-6F55-EDBB105C7C39}.Debug|Any CPU.Build.0 = Debug|Any CPU
		{17B45F1B-A256-D737-6F55-EDBB105C7C39}.Release|Any CPU.ActiveCfg = Release|Any CPU
		{17B45F1B-A256-D737-6F55-EDBB105C7C39}.Release|Any CPU.Build.0 = Release|Any CPU
		{DD474E38-831E-F5AC-1D76-B31B01DD9392}.Debug|Any CPU.ActiveCfg = Debug|Any CPU
		{DD474E38-831E-F5AC-1D76-B31B01DD9392}.Debug|Any CPU.Build.0 = Debug|Any CPU
		{DD474E38-831E-F5AC-1D76-B31B01DD9392}.Release|Any CPU.ActiveCfg = Release|Any CPU
		{DD474E38-831E-F5AC-1D76-B31B01DD9392}.Release|Any CPU.Build.0 = Release|Any CPU
		{54D6BBFF-8270-9950-4BA0-73EF867149DE}.Debug|Any CPU.ActiveCfg = Debug|Any CPU
		{54D6BBFF-8270-9950-4BA0-73EF867149DE}.Debug|Any CPU.Build.0 = Debug|Any CPU
		{54D6BBFF-8270-9950-4BA0-73EF867149DE}.Release|Any CPU.ActiveCfg = Release|Any CPU
		{54D6BBFF-8270-9950-4BA0-73EF867149DE}.Release|Any CPU.Build.0 = Release|Any CPU
	EndGlobalSection
	GlobalSection(SolutionProperties) = preSolution
		HideSolutionNode = FALSE
	EndGlobalSection
	GlobalSection(NestedProjects) = preSolution
		{83B0AFD4-4004-4316-828A-44392E8AAE2B} = {02EA681E-C7D8-13C7-8484-4AC65E1B71E8}
		{D341DA82-B58E-42EA-B678-35BAD7572D8E} = {02EA681E-C7D8-13C7-8484-4AC65E1B71E8}
		{5C0494BA-BC02-9F03-116E-59A3694D7EF8} = {83B0AFD4-4004-4316-828A-44392E8AAE2B}
		{0FC38BF9-E4FC-F94B-8A79-99C725ED7321} = {83B0AFD4-4004-4316-828A-44392E8AAE2B}
		{E51652A9-6B39-04F6-ABFA-AB803D9A0041} = {83B0AFD4-4004-4316-828A-44392E8AAE2B}
		{17B45F1B-A256-D737-6F55-EDBB105C7C39} = {83B0AFD4-4004-4316-828A-44392E8AAE2B}
		{DD474E38-831E-F5AC-1D76-B31B01DD9392} = {D341DA82-B58E-42EA-B678-35BAD7572D8E}
		{54D6BBFF-8270-9950-4BA0-73EF867149DE} = {D341DA82-B58E-42EA-B678-35BAD7572D8E}
	EndGlobalSection
	GlobalSection(ExtensibilityGlobals) = postSolution
		SolutionGuid = {3C1305B7-2F7A-4DC4-BF70-9B568B07EE61}
	EndGlobalSection
EndGlobal
